
Microsoft Visual Studio Solution File, Format Version 12.00
# Visual Studio 14
VisualStudioVersion = 14.0.25123.0
MinimumVisualStudioVersion = 10.0.40219.1
Project("{FAE04EC0-301F-11D3-BF4B-00C04F79EFBC}") = "DefineClassPerson", "DefineClassPerson\DefineClassPerson.csproj", "{C1E5C282-9895-4BC3-959B-32D0925903AC}"
EndProject
Project("{FAE04EC0-301F-11D3-BF4B-00C04F79EFBC}") = "OppininPoll", "OppininPoll\OppininPoll.csproj", "{EBA627C9-E11B-4CD8-8ED1-9E4313ADFA8B}"
EndProject
Project("{FAE04EC0-301F-11D3-BF4B-00C04F79EFBC}") = "CompanyRoster", "CompanyRoster\CompanyRoster.csproj", "{20765CC1-F696-409E-AD17-2A1F992C767B}"
EndProject
Project("{FAE04EC0-301F-11D3-BF4B-00C04F79EFBC}") = "SpeedRacing", "SpeedRacing\SpeedRacing.csproj", "{8D173038-BAE5-40FB-A97F-C3C8FBEF4DD8}"
EndProject
Project("{FAE04EC0-301F-11D3-BF4B-00C04F79EFBC}") = "RawData", "RawData\RawData.csproj", "{E7E23FF4-7DB9-4117-AD8C-B5FC19C6BB08}"
EndProject
Project("{FAE04EC0-301F-11D3-BF4B-00C04F79EFBC}") = "CarSalesman", "CarSalesman\CarSalesman.csproj", "{5AF25BDD-3BD3-48CF-9E04-F0710229F498}"
EndProject
Project("{FAE04EC0-301F-11D3-BF4B-00C04F79EFBC}") = "PokemonTrainer", "PokemonTrainer\PokemonTrainer.csproj", "{B0FA2F38-F4BF-46B7-8511-F21BE0C95769}"
EndProject
Project("{FAE04EC0-301F-11D3-BF4B-00C04F79EFBC}") = "Google", "Google\Google.csproj", "{89CC5B44-8432-4890-9932-DE34A193C44E}"
EndProject
Global
	GlobalSection(SolutionConfigurationPlatforms) = preSolution
		Debug|Any CPU = Debug|Any CPU
		Release|Any CPU = Release|Any CPU
	EndGlobalSection
	GlobalSection(ProjectConfigurationPlatforms) = postSolution
		{C1E5C282-9895-4BC3-959B-32D0925903AC}.Debug|Any CPU.ActiveCfg = Debug|Any CPU
		{C1E5C282-9895-4BC3-959B-32D0925903AC}.Debug|Any CPU.Build.0 = Debug|Any CPU
		{C1E5C282-9895-4BC3-959B-32D0925903AC}.Release|Any CPU.ActiveCfg = Release|Any CPU
		{C1E5C282-9895-4BC3-959B-32D0925903AC}.Release|Any CPU.Build.0 = Release|Any CPU
		{EBA627C9-E11B-4CD8-8ED1-9E4313ADFA8B}.Debug|Any CPU.ActiveCfg = Debug|Any CPU
		{EBA627C9-E11B-4CD8-8ED1-9E4313ADFA8B}.Debug|Any CPU.Build.0 = Debug|Any CPU
		{EBA627C9-E11B-4CD8-8ED1-9E4313ADFA8B}.Release|Any CPU.ActiveCfg = Release|Any CPU
		{EBA627C9-E11B-4CD8-8ED1-9E4313ADFA8B}.Release|Any CPU.Build.0 = Release|Any CPU
		{20765CC1-F696-409E-AD17-2A1F992C767B}.Debug|Any CPU.ActiveCfg = Debug|Any CPU
		{20765CC1-F696-409E-AD17-2A1F992C767B}.Debug|Any CPU.Build.0 = Debug|Any CPU
		{20765CC1-F696-409E-AD17-2A1F992C767B}.Release|Any CPU.ActiveCfg = Release|Any CPU
		{20765CC1-F696-409E-AD17-2A1F992C767B}.Release|Any CPU.Build.0 = Release|Any CPU
		{8D173038-BAE5-40FB-A97F-C3C8FBEF4DD8}.Debug|Any CPU.ActiveCfg = Debug|Any CPU
		{8D173038-BAE5-40FB-A97F-C3C8FBEF4DD8}.Debug|Any CPU.Build.0 = Debug|Any CPU
		{8D173038-BAE5-40FB-A97F-C3C8FBEF4DD8}.Release|Any CPU.ActiveCfg = Release|Any CPU
		{8D173038-BAE5-40FB-A97F-C3C8FBEF4DD8}.Release|Any CPU.Build.0 = Release|Any CPU
		{E7E23FF4-7DB9-4117-AD8C-B5FC19C6BB08}.Debug|Any CPU.ActiveCfg = Debug|Any CPU
		{E7E23FF4-7DB9-4117-AD8C-B5FC19C6BB08}.Debug|Any CPU.Build.0 = Debug|Any CPU
		{E7E23FF4-7DB9-4117-AD8C-B5FC19C6BB08}.Release|Any CPU.ActiveCfg = Release|Any CPU
		{E7E23FF4-7DB9-4117-AD8C-B5FC19C6BB08}.Release|Any CPU.Build.0 = Release|Any CPU
		{5AF25BDD-3BD3-48CF-9E04-F0710229F498}.Debug|Any CPU.ActiveCfg = Debug|Any CPU
		{5AF25BDD-3BD3-48CF-9E04-F0710229F498}.Debug|Any CPU.Build.0 = Debug|Any CPU
		{5AF25BDD-3BD3-48CF-9E04-F0710229F498}.Release|Any CPU.ActiveCfg = Release|Any CPU
		{5AF25BDD-3BD3-48CF-9E04-F0710229F498}.Release|Any CPU.Build.0 = Release|Any CPU
		{B0FA2F38-F4BF-46B7-8511-F21BE0C95769}.Debug|Any CPU.ActiveCfg = Debug|Any CPU
		{B0FA2F38-F4BF-46B7-8511-F21BE0C95769}.Debug|Any CPU.Build.0 = Debug|Any CPU
		{B0FA2F38-F4BF-46B7-8511-F21BE0C95769}.Release|Any CPU.ActiveCfg = Release|Any CPU
		{B0FA2F38-F4BF-46B7-8511-F21BE0C95769}.Release|Any CPU.Build.0 = Release|Any CPU
		{89CC5B44-8432-4890-9932-DE34A193C44E}.Debug|Any CPU.ActiveCfg = Debug|Any CPU
		{89CC5B44-8432-4890-9932-DE34A193C44E}.Debug|Any CPU.Build.0 = Debug|Any CPU
		{89CC5B44-8432-4890-9932-DE34A193C44E}.Release|Any CPU.ActiveCfg = Release|Any CPU
		{89CC5B44-8432-4890-9932-DE34A193C44E}.Release|Any CPU.Build.0 = Release|Any CPU
	EndGlobalSection
	GlobalSection(SolutionProperties) = preSolution
		HideSolutionNode = FALSE
	EndGlobalSection
EndGlobal
