
Microsoft Visual Studio Solution File, Format Version 12.00
# Visual Studio 15
VisualStudioVersion = 15.0.26403.3
MinimumVisualStudioVersion = 10.0.40219.1
Project("{FAE04EC0-301F-11D3-BF4B-00C04F79EFBC}") = "VehiclesLast", "VehiclesLast\VehiclesLast.csproj", "{7A86B22C-59C5-4AB9-A969-7F21A6470C75}"
EndProject
Project("{FAE04EC0-301F-11D3-BF4B-00C04F79EFBC}") = "WildFarm", "WildFarm\WildFarm.csproj", "{28FE3A67-ACE1-4D1B-9AE4-116FA0461D32}"
EndProject
Global
	GlobalSection(SolutionConfigurationPlatforms) = preSolution
		Debug|Any CPU = Debug|Any CPU
		Release|Any CPU = Release|Any CPU
	EndGlobalSection
	GlobalSection(ProjectConfigurationPlatforms) = postSolution
		{7A86B22C-59C5-4AB9-A969-7F21A6470C75}.Debug|Any CPU.ActiveCfg = Debug|Any CPU
		{7A86B22C-59C5-4AB9-A969-7F21A6470C75}.Debug|Any CPU.Build.0 = Debug|Any CPU
		{7A86B22C-59C5-4AB9-A969-7F21A6470C75}.Release|Any CPU.ActiveCfg = Release|Any CPU
		{7A86B22C-59C5-4AB9-A969-7F21A6470C75}.Release|Any CPU.Build.0 = Release|Any CPU
		{28FE3A67-ACE1-4D1B-9AE4-116FA0461D32}.Debug|Any CPU.ActiveCfg = Debug|Any CPU
		{28FE3A67-ACE1-4D1B-9AE4-116FA0461D32}.Debug|Any CPU.Build.0 = Debug|Any CPU
		{28FE3A67-ACE1-4D1B-9AE4-116FA0461D32}.Release|Any CPU.ActiveCfg = Release|Any CPU
		{28FE3A67-ACE1-4D1B-9AE4-116FA0461D32}.Release|Any CPU.Build.0 = Release|Any CPU
	EndGlobalSection
	GlobalSection(SolutionProperties) = preSolution
		HideSolutionNode = FALSE
	EndGlobalSection
EndGlobal
